// !$*UTF8*$!
{
	archiveVersion = 1;
	classes = {
	};
	objectVersion = 46;
	objects = {

/* Begin PBXBuildFile section */
		10BE85F11E214B2B00AE484C /* AppDelegate.swift in Sources */ = {isa = PBXBuildFile; fileRef = 10BE85F01E214B2B00AE484C /* AppDelegate.swift */; };
		10BE85F31E214B2B00AE484C /* ViewController.swift in Sources */ = {isa = PBXBuildFile; fileRef = 10BE85F21E214B2B00AE484C /* ViewController.swift */; };
		10BE85F61E214B2B00AE484C /* Main.storyboard in Resources */ = {isa = PBXBuildFile; fileRef = 10BE85F41E214B2B00AE484C /* Main.storyboard */; };
		10BE85F81E214B2B00AE484C /* Assets.xcassets in Resources */ = {isa = PBXBuildFile; fileRef = 10BE85F71E214B2B00AE484C /* Assets.xcassets */; };
		10BE85FB1E214B2B00AE484C /* LaunchScreen.storyboard in Resources */ = {isa = PBXBuildFile; fileRef = 10BE85F91E214B2B00AE484C /* LaunchScreen.storyboard */; };
/* End PBXBuildFile section */

/* Begin PBXFileReference section */
		10BE85ED1E214B2B00AE484C /* DoubleBrowser.app */ = {isa = PBXFileReference; explicitFileType = wrapper.application; includeInIndex = 0; path = DoubleBrowser.app; sourceTree = BUILT_PRODUCTS_DIR; };
		10BE85F01E214B2B00AE484C /* AppDelegate.swift */ = {isa = PBXFileReference; lastKnownFileType = sourcecode.swift; path = AppDelegate.swift; sourceTree = "<group>"; };
		10BE85F21E214B2B00AE484C /* ViewController.swift */ = {isa = PBXFileReference; lastKnownFileType = sourcecode.swift; path = ViewController.swift; sourceTree = "<group>"; };
		10BE85F51E214B2B00AE484C /* Base */ = {isa = PBXFileReference; lastKnownFileType = file.storyboard; name = Base; path = Base.lproj/Main.storyboard; sourceTree = "<group>"; };
		10BE85F71E214B2B00AE484C /* Assets.xcassets */ = {isa = PBXFileReference; lastKnownFileType = folder.assetcatalog; path = Assets.xcassets; sourceTree = "<group>"; };
		10BE85FA1E214B2B00AE484C /* Base */ = {isa = PBXFileReference; lastKnownFileType = file.storyboard; name = Base; path = Base.lproj/LaunchScreen.storyboard; sourceTree = "<group>"; };
		10BE85FC1E214B2B00AE484C /* Info.plist */ = {isa = PBXFileReference; lastKnownFileType = text.plist.xml; path = Info.plist; sourceTree = "<group>"; };
/* End PBXFileReference section */

/* Begin PBXFrameworksBuildPhase section */
		10BE85EA1E214B2B00AE484C /* Frameworks */ = {
			isa = PBXFrameworksBuildPhase;
			buildActionMask = 2147483647;
			files = (
			);
			runOnlyForDeploymentPostprocessing = 0;
		};
/* End PBXFrameworksBuildPhase section */

/* Begin PBXGroup section */
		10BE85E41E214B2B00AE484C = {
			isa = PBXGroup;
			children = (
				10BE85EF1E214B2B00AE484C /* DoubleBrowser */,
				10BE85EE1E214B2B00AE484C /* Products */,
			);
			sourceTree = "<group>";
		};
		10BE85EE1E214B2B00AE484C /* Products */ = {
			isa = PBXGroup;
			children = (
				10BE85ED1E214B2B00AE484C /* DoubleBrowser.app */,
			);
			name = Products;
			sourceTree = "<group>";
		};
		10BE85EF1E214B2B00AE484C /* DoubleBrowser */ = {
			isa = PBXGroup;
			children = (
				10BE85F01E214B2B00AE484C /* AppDelegate.swift */,
				10BE85F21E214B2B00AE484C /* ViewController.swift */,
				10BE85F41E214B2B00AE484C /* Main.storyboard */,
				10BE85F71E214B2B00AE484C /* Assets.xcassets */,
				10BE85F91E214B2B00AE484C /* LaunchScreen.storyboard */,
				10BE85FC1E214B2B00AE484C /* Info.plist */,
			);
			path = DoubleBrowser;
			sourceTree = "<group>";
		};
/* End PBXGroup section */

/* Begin PBXNativeTarget section */
		10BE85EC1E214B2B00AE484C /* DoubleBrowser */ = {
			isa = PBXNativeTarget;
			buildConfigurationList = 10BE85FF1E214B2B00AE484C /* Build configuration list for PBXNativeTarget "DoubleBrowser" */;
			buildPhases = (
				10BE85E91E214B2B00AE484C /* Sources */,
				10BE85EA1E214B2B00AE484C /* Frameworks */,
				10BE85EB1E214B2B00AE484C /* Resources */,
			);
			buildRules = (
			);
			dependencies = (
			);
			name = DoubleBrowser;
			productName = DoubleBrowser;
			productReference = 10BE85ED1E214B2B00AE484C /* DoubleBrowser.app */;
			productType = "com.apple.product-type.application";
		};
/* End PBXNativeTarget section */

/* Begin PBXProject section */
		10BE85E51E214B2B00AE484C /* Project object */ = {
			isa = PBXProject;
			attributes = {
				LastSwiftUpdateCheck = 0820;
				LastUpgradeCheck = 0820;
				ORGANIZATIONNAME = "윤호용";
				TargetAttributes = {
					10BE85EC1E214B2B00AE484C = {
						CreatedOnToolsVersion = 8.2.1;
						DevelopmentTeam = M72HBNASP2;
						ProvisioningStyle = Automatic;
					};
				};
			};
			buildConfigurationList = 10BE85E81E214B2B00AE484C /* Build configuration list for PBXProject "DoubleBrowser" */;
			compatibilityVersion = "Xcode 3.2";
			developmentRegion = English;
			hasScannedForEncodings = 0;
			knownRegions = (
				en,
				Base,
			);
			mainGroup = 10BE85E41E214B2B00AE484C;
			productRefGroup = 10BE85EE1E214B2B00AE484C /* Products */;
			projectDirPath = "";
			projectRoot = "";
			targets = (
				10BE85EC1E214B2B00AE484C /* DoubleBrowser */,
			);
		};
/* End PBXProject section */

/* Begin PBXResourcesBuildPhase section */
		10BE85EB1E214B2B00AE484C /* Resources */ = {
			isa = PBXResourcesBuildPhase;
			buildActionMask = 2147483647;
			files = (
				10BE85FB1E214B2B00AE484C /* LaunchScreen.storyboard in Resources */,
				10BE85F81E214B2B00AE484C /* Assets.xcassets in Resources */,
				10BE85F61E214B2B00AE484C /* Main.storyboard in Resources */,
			);
			runOnlyForDeploymentPostprocessing = 0;
		};
/* End PBXResourcesBuildPhase section */

/* Begin PBXSourcesBuildPhase section */
		10BE85E91E214B2B00AE484C /* Sources */ = {
			isa = PBXSourcesBuildPhase;
			buildActionMask = 2147483647;
			files = (
				10BE85F31E214B2B00AE484C /* ViewController.swift in Sources */,
				10BE85F11E214B2B00AE484C /* AppDelegate.swift in Sources */,
			);
			runOnlyForDeploymentPostprocessing = 0;
		};
/* End PBXSourcesBuildPhase section */

/* Begin PBXVariantGroup section */
		10BE85F41E214B2B00AE484C /* Main.storyboard */ = {
			isa = PBXVariantGroup;
			children = (
				10BE85F51E214B2B00AE484C /* Base */,
			);
			name = Main.storyboard;
			sourceTree = "<group>";
		};
		10BE85F91E214B2B00AE484C /* LaunchScreen.storyboard */ = {
			isa = PBXVariantGroup;
			children = (
				10BE85FA1E214B2B00AE484C /* Base */,
			);
			name = LaunchScreen.storyboard;
			sourceTree = "<group>";
		};
/* End PBXVariantGroup section */

/* Begin XCBuildConfiguration section */
		10BE85FD1E214B2B00AE484C /* Debug */ = {
			isa = XCBuildConfiguration;
			buildSettings = {
				ALWAYS_SEARCH_USER_PATHS = NO;
				CLANG_ANALYZER_NONNULL = YES;
				CLANG_CXX_LANGUAGE_STANDARD = "gnu++0x";
				CLANG_CXX_LIBRARY = "libc++";
				CLANG_ENABLE_MODULES = YES;
				CLANG_ENABLE_OBJC_ARC = YES;
				CLANG_WARN_BOOL_CONVERSION = YES;
				CLANG_WARN_CONSTANT_CONVERSION = YES;
				CLANG_WARN_DIRECT_OBJC_ISA_USAGE = YES_ERROR;
				CLANG_WARN_DOCUMENTATION_COMMENTS = YES;
				CLANG_WARN_EMPTY_BODY = YES;
				CLANG_WARN_ENUM_CONVERSION = YES;
				CLANG_WARN_INFINITE_RECURSION = YES;
				CLANG_WARN_INT_CONVERSION = YES;
				CLANG_WARN_OBJC_ROOT_CLASS = YES_ERROR;
				CLANG_WARN_SUSPICIOUS_MOVE = YES;
				CLANG_WARN_UNREACHABLE_CODE = YES;
				CLANG_WARN__DUPLICATE_METHOD_MATCH = YES;
				"CODE_SIGN_IDENTITY[sdk=iphoneos*]" = "iPhone Developer";
				COPY_PHASE_STRIP = NO;
				DEBUG_INFORMATION_FORMAT = dwarf;
				ENABLE_STRICT_OBJC_MSGSEND = YES;
				ENABLE_TESTABILITY = YES;
				GCC_C_LANGUAGE_STANDARD = gnu99;
				GCC_DYNAMIC_NO_PIC = NO;
				GCC_NO_COMMON_BLOCKS = YES;
				GCC_OPTIMIZATION_LEVEL = 0;
				GCC_PREPROCESSOR_DEFINITIONS = (
					"DEBUG=1",
					"$(inherited)",
				);
				GCC_WARN_64_TO_32_BIT_CONVERSION = YES;
				GCC_WARN_ABOUT_RETURN_TYPE = YES_ERROR;
				GCC_WARN_UNDECLARED_SELECTOR = YES;
				GCC_WARN_UNINITIALIZED_AUTOS = YES_AGGRESSIVE;
				GCC_WARN_UNUSED_FUNCTION = YES;
				GCC_WARN_UNUSED_VARIABLE = YES;
				IPHONEOS_DEPLOYMENT_TARGET = 10.2;
				MTL_ENABLE_DEBUG_INFO = YES;
				ONLY_ACTIVE_ARCH = YES;
				SDKROOT = iphoneos;
				SWIFT_ACTIVE_COMPILATION_CONDITIONS = DEBUG;
				SWIFT_OPTIMIZATION_LEVEL = "-Onone";
			};
			name = Debug;
		};
		10BE85FE1E214B2B00AE484C /* Release */ = {
			isa = XCBuildConfiguration;
			buildSettings = {
				ALWAYS_SEARCH_USER_PATHS = NO;
				CLANG_ANALYZER_NONNULL = YES;
				CLANG_CXX_LANGUAGE_STANDARD = "gnu++0x";
				CLANG_CXX_LIBRARY = "libc++";
				CLANG_ENABLE_MODULES = YES;
				CLANG_ENABLE_OBJC_ARC = YES;
				CLANG_WARN_BOOL_CONVERSION = YES;
				CLANG_WARN_CONSTANT_CONVERSION = YES;
				CLANG_WARN_DIRECT_OBJC_ISA_USAGE = YES_ERROR;
				CLANG_WARN_DOCUMENTATION_COMMENTS = YES;
				CLANG_WARN_EMPTY_BODY = YES;
				CLANG_WARN_ENUM_CONVERSION = YES;
				CLANG_WARN_INFINITE_RECURSION = YES;
				CLANG_WARN_INT_CONVERSION = YES;
				CLANG_WARN_OBJC_ROOT_CLASS = YES_ERROR;
				CLANG_WARN_SUSPICIOUS_MOVE = YES;
				CLANG_WARN_UNREACHABLE_CODE = YES;
				CLANG_WARN__DUPLICATE_METHOD_MATCH = YES;
				"CODE_SIGN_IDENTITY[sdk=iphoneos*]" = "iPhone Developer";
				COPY_PHASE_STRIP = NO;
				DEBUG_INFORMATION_FORMAT = "dwarf-with-dsym";
				ENABLE_NS_ASSERTIONS = NO;
				ENABLE_STRICT_OBJC_MSGSEND = YES;
				GCC_C_LANGUAGE_STANDARD = gnu99;
				GCC_NO_COMMON_BLOCKS = YES;
				GCC_WARN_64_TO_32_BIT_CONVERSION = YES;
				GCC_WARN_ABOUT_RETURN_TYPE = YES_ERROR;
				GCC_WARN_UNDECLARED_SELECTOR = YES;
				GCC_WARN_UNINITIALIZED_AUTOS = YES_AGGRESSIVE;
				GCC_WARN_UNUSED_FUNCTION = YES;
				GCC_WARN_UNUSED_VARIABLE = YES;
				IPHONEOS_DEPLOYMENT_TARGET = 10.2;
				MTL_ENABLE_DEBUG_INFO = NO;
				SDKROOT = iphoneos;
				SWIFT_OPTIMIZATION_LEVEL = "-Owholemodule";
				VALIDATE_PRODUCT = YES;
			};
			name = Release;
		};
		10BE86001E214B2B00AE484C /* Debug */ = {
			isa = XCBuildConfiguration;
			buildSettings = {
				ASSETCATALOG_COMPILER_APPICON_NAME = AppIcon;
				DEVELOPMENT_TEAM = M72HBNASP2;
				INFOPLIST_FILE = DoubleBrowser/Info.plist;
				LD_RUNPATH_SEARCH_PATHS = "$(inherited) @executable_path/Frameworks";
				PRODUCT_BUNDLE_IDENTIFIER = com.lgg.DoubleBrowser;
				PRODUCT_NAME = "$(TARGET_NAME)";
				SWIFT_VERSION = 3.0;
			};
			name = Debug;
		};
		10BE86011E214B2B00AE484C /* Release */ = {
			isa = XCBuildConfiguration;
			buildSettings = {
				ASSETCATALOG_COMPILER_APPICON_NAME = AppIcon;
				DEVELOPMENT_TEAM = M72HBNASP2;
				INFOPLIST_FILE = DoubleBrowser/Info.plist;
				LD_RUNPATH_SEARCH_PATHS = "$(inherited) @executable_path/Frameworks";
				PRODUCT_BUNDLE_IDENTIFIER = com.lgg.DoubleBrowser;
				PRODUCT_NAME = "$(TARGET_NAME)";
				SWIFT_VERSION = 3.0;
			};
			name = Release;
		};
/* End XCBuildConfiguration section */

/* Begin XCConfigurationList section */
		10BE85E81E214B2B00AE484C /* Build configuration list for PBXProject "DoubleBrowser" */ = {
			isa = XCConfigurationList;
			buildConfigurations = (
				10BE85FD1E214B2B00AE484C /* Debug */,
				10BE85FE1E214B2B00AE484C /* Release */,
			);
			defaultConfigurationIsVisible = 0;
			defaultConfigurationName = Release;
		};
		10BE85FF1E214B2B00AE484C /* Build configuration list for PBXNativeTarget "DoubleBrowser" */ = {
			isa = XCConfigurationList;
			buildConfigurations = (
				10BE86001E214B2B00AE484C /* Debug */,
				10BE86011E214B2B00AE484C /* Release */,
			);
			defaultConfigurationIsVisible = 0;
		};
/* End XCConfigurationList section */
	};
	rootObject = 10BE85E51E214B2B00AE484C /* Project object */;
}
